
Microsoft Visual Studio Solution File, Format Version 12.00
Project("{FAE04EC0-301F-11D3-BF4B-00C04F79EFBC}") = "DiyDiContainer", "DiyDiContainer\DiyDiContainer.csproj", "{2289705B-A3D1-434F-837B-D66BB9AD3979}"
EndProject
Global
	GlobalSection(SolutionConfigurationPlatforms) = preSolution
		Debug|Any CPU = Debug|Any CPU
		Release|Any CPU = Release|Any CPU
	EndGlobalSection
	GlobalSection(ProjectConfigurationPlatforms) = postSolution
		{2289705B-A3D1-434F-837B-D66BB9AD3979}.Debug|Any CPU.ActiveCfg = Debug|Any CPU
		{2289705B-A3D1-434F-837B-D66BB9AD3979}.Debug|Any CPU.Build.0 = Debug|Any CPU
		{2289705B-A3D1-434F-837B-D66BB9AD3979}.Release|Any CPU.ActiveCfg = Release|Any CPU
		{2289705B-A3D1-434F-837B-D66BB9AD3979}.Release|Any CPU.Build.0 = Release|Any CPU
	EndGlobalSection
EndGlobal
